
Microsoft Visual Studio Solution File, Format Version 12.00
# Visual Studio Version 17
VisualStudioVersion = 17.6.33723.286
MinimumVisualStudioVersion = 10.0.40219.1
Project("{FAE04EC0-301F-11D3-BF4B-00C04F79EFBC}") = "AccountRegistration", "AccountRegistration\AccountRegistration.csproj", "{33771995-2B78-4F41-9494-2E81B9610C84}"
EndProject
Global
	GlobalSection(SolutionConfigurationPlatforms) = preSolution
		Debug|Any CPU = Debug|Any CPU
		Release|Any CPU = Release|Any CPU
	EndGlobalSection
	GlobalSection(ProjectConfigurationPlatforms) = postSolution
		{33771995-2B78-4F41-9494-2E81B9610C84}.Debug|Any CPU.ActiveCfg = Debug|Any CPU
		{33771995-2B78-4F41-9494-2E81B9610C84}.Debug|Any CPU.Build.0 = Debug|Any CPU
		{33771995-2B78-4F41-9494-2E81B9610C84}.Release|Any CPU.ActiveCfg = Release|Any CPU
		{33771995-2B78-4F41-9494-2E81B9610C84}.Release|Any CPU.Build.0 = Release|Any CPU
	EndGlobalSection
	GlobalSection(SolutionProperties) = preSolution
		HideSolutionNode = FALSE
	EndGlobalSection
	GlobalSection(ExtensibilityGlobals) = postSolution
		SolutionGuid = {471C0B72-2C0E-448F-963D-BCB1D43DE1FC}
	EndGlobalSection
EndGlobal
